PODS:
  - CleverTap-iOS-SDK (4.1.2):
    - SDWebImage (~> 5.1)
  - clevertap_plugin (1.5.2):
    - CleverTap-iOS-SDK (= 4.1.2)
    - Flutter
  - Flutter (1.0.0)
  - SDWebImage (5.13.4):
    - SDWebImage/Core (= 5.13.4)
  - SDWebImage/Core (5.13.4)

DEPENDENCIES:
  - clevertap_plugin (from `.symlinks/plugins/clevertap_plugin/ios`)
  - Flutter (from `Flutter`)

SPEC REPOS:
  trunk:
    - CleverTap-iOS-SDK
    - SDWebImage

EXTERNAL SOURCES:
  clevertap_plugin:
    :path: ".symlinks/plugins/clevertap_plugin/ios"
  Flutter:
    :path: Flutter

SPEC CHECKSUMS:
  CleverTap-iOS-SDK: edae0f34d6478c85e864256f5a06051687029aa3
  clevertap_plugin: 008097d22b3f5ad007227d2e4928c6b2db71bc50
  Flutter: 50d75fe2f02b26cc09d224853bb45737f8b3214a
  SDWebImage: e5cc87bf736e60f49592f307bdf9e157189298a3

PODFILE CHECKSUM: cf0c950f7e9a456b4e325f5b8fc0f98906a3705a

COCOAPODS: 1.11.0
