PODS:
  - CleverTap-iOS-SDK (4.2.1):
    - SDWebImage (~> 5.11)
  - clevertap_plugin (1.6.0):
    - CleverTap-iOS-SDK (= 4.2.1)
    - Flutter
  - Flutter (1.0.0)
  - SDWebImage (5.15.5):
    - SDWebImage/Core (= 5.15.5)
  - SDWebImage/Core (5.15.5)

DEPENDENCIES:
  - clevertap_plugin (from `.symlinks/plugins/clevertap_plugin/ios`)
  - Flutter (from `Flutter`)

SPEC REPOS:
  trunk:
    - CleverTap-iOS-SDK
    - SDWebImage

EXTERNAL SOURCES:
  clevertap_plugin:
    :path: ".symlinks/plugins/clevertap_plugin/ios"
  Flutter:
    :path: Flutter

SPEC CHECKSUMS:
  CleverTap-iOS-SDK: fa1dc112e97829410b15ea456564cb9d552ce23e
  clevertap_plugin: 4a446fcf6f42f08996edbc219b1690049a029023
  Flutter: f04841e97a9d0b0a8025694d0796dd46242b2854
  SDWebImage: fd7e1a22f00303e058058278639bf6196ee431fe

PODFILE CHECKSUM: cf0c950f7e9a456b4e325f5b8fc0f98906a3705a

COCOAPODS: 1.11.3
